Microsoft Visual Studio Solution File, Format Version 12.00
# Visual Studio Version 17
VisualStudioVersion = 17.5.2.0
MinimumVisualStudioVersion = 10.0.40219.1
Project("{FAE04EC0-301F-11D3-BF4B-00C04F79EFBC}") = "BatchRenamer", "BatchRenamer.csproj", "{1F27DDE6-13E4-EFA3-FF2A-BD7B4B59F407}"
EndProject
Global
	GlobalSection(SolutionConfigurationPlatforms) = preSolution
		Debug|Any CPU = Debug|Any CPU
		Release|Any CPU = Release|Any CPU
	EndGlobalSection
	GlobalSection(ProjectConfigurationPlatforms) = postSolution
		{1F27DDE6-13E4-EFA3-FF2A-BD7B4B59F407}.Debug|Any CPU.ActiveCfg = Debug|Any CPU
		{1F27DDE6-13E4-EFA3-FF2A-BD7B4B59F407}.Debug|Any CPU.Build.0 = Debug|Any CPU
		{1F27DDE6-13E4-EFA3-FF2A-BD7B4B59F407}.Release|Any CPU.ActiveCfg = Release|Any CPU
		{1F27DDE6-13E4-EFA3-FF2A-BD7B4B59F407}.Release|Any CPU.Build.0 = Release|Any CPU
	EndGlobalSection
	GlobalSection(SolutionProperties) = preSolution
		HideSolutionNode = FALSE
	EndGlobalSection
	GlobalSection(ExtensibilityGlobals) = postSolution
		SolutionGuid = {67014099-925F-49F0-8CC9-93D771214FFE}
	EndGlobalSection
EndGlobal
